
Microsoft Visual Studio Solution File, Format Version 12.00
# Visual Studio Version 17
VisualStudioVersion = 17.8.34309.116
MinimumVisualStudioVersion = 10.0.40219.1
Project("{9A19103F-16F7-4668-BE54-9A1E7A4F7556}") = "NexImagePanel", "NexImagePanel\NexImagePanel.csproj", "{E11F8023-D6D5-4319-8F81-8DBC7FD25506}"
EndProject
Project("{9A19103F-16F7-4668-BE54-9A1E7A4F7556}") = "NexImagePanel.UMS", "NexImagePanel.UMS\NexImagePanel.UMS.csproj", "{7E7F1B62-A71E-46A6-974A-89B3FD4D0DD6}"
EndProject
Project("{FAE04EC0-301F-11D3-BF4B-00C04F79EFBC}") = "NEXImageControlPanel", "NEXImageControlPanel\NEXImageControlPanel.csproj", "{7AE9592A-F800-46A1-BF01-9E1B247AD880}"
EndProject
Global
	GlobalSection(SolutionConfigurationPlatforms) = preSolution
		Debug|Any CPU = Debug|Any CPU
		Debug|x64 = Debug|x64
		Release|Any CPU = Release|Any CPU
		Release|x64 = Release|x64
	EndGlobalSection
	GlobalSection(ProjectConfigurationPlatforms) = postSolution
		{E11F8023-D6D5-4319-8F81-8DBC7FD25506}.Debug|Any CPU.ActiveCfg = Debug|Any CPU
		{E11F8023-D6D5-4319-8F81-8DBC7FD25506}.Debug|Any CPU.Build.0 = Debug|Any CPU
		{E11F8023-D6D5-4319-8F81-8DBC7FD25506}.Debug|x64.ActiveCfg = Debug|x64
		{E11F8023-D6D5-4319-8F81-8DBC7FD25506}.Debug|x64.Build.0 = Debug|x64
		{E11F8023-D6D5-4319-8F81-8DBC7FD25506}.Release|Any CPU.ActiveCfg = Release|Any CPU
		{E11F8023-D6D5-4319-8F81-8DBC7FD25506}.Release|Any CPU.Build.0 = Release|Any CPU
		{E11F8023-D6D5-4319-8F81-8DBC7FD25506}.Release|x64.ActiveCfg = Release|x64
		{E11F8023-D6D5-4319-8F81-8DBC7FD25506}.Release|x64.Build.0 = Release|x64
		{7E7F1B62-A71E-46A6-974A-89B3FD4D0DD6}.Debug|Any CPU.ActiveCfg = Debug|Any CPU
		{7E7F1B62-A71E-46A6-974A-89B3FD4D0DD6}.Debug|Any CPU.Build.0 = Debug|Any CPU
		{7E7F1B62-A71E-46A6-974A-89B3FD4D0DD6}.Debug|x64.ActiveCfg = Debug|x64
		{7E7F1B62-A71E-46A6-974A-89B3FD4D0DD6}.Debug|x64.Build.0 = Debug|x64
		{7E7F1B62-A71E-46A6-974A-89B3FD4D0DD6}.Release|Any CPU.ActiveCfg = Release|Any CPU
		{7E7F1B62-A71E-46A6-974A-89B3FD4D0DD6}.Release|Any CPU.Build.0 = Release|Any CPU
		{7E7F1B62-A71E-46A6-974A-89B3FD4D0DD6}.Release|x64.ActiveCfg = Release|x64
		{7E7F1B62-A71E-46A6-974A-89B3FD4D0DD6}.Release|x64.Build.0 = Release|x64
		{7AE9592A-F800-46A1-BF01-9E1B247AD880}.Debug|Any CPU.ActiveCfg = Debug|Any CPU
		{7AE9592A-F800-46A1-BF01-9E1B247AD880}.Debug|Any CPU.Build.0 = Debug|Any CPU
		{7AE9592A-F800-46A1-BF01-9E1B247AD880}.Debug|x64.ActiveCfg = Debug|Any CPU
		{7AE9592A-F800-46A1-BF01-9E1B247AD880}.Debug|x64.Build.0 = Debug|Any CPU
		{7AE9592A-F800-46A1-BF01-9E1B247AD880}.Release|Any CPU.ActiveCfg = Release|Any CPU
		{7AE9592A-F800-46A1-BF01-9E1B247AD880}.Release|Any CPU.Build.0 = Release|Any CPU
		{7AE9592A-F800-46A1-BF01-9E1B247AD880}.Release|x64.ActiveCfg = Release|Any CPU
		{7AE9592A-F800-46A1-BF01-9E1B247AD880}.Release|x64.Build.0 = Release|Any CPU
	EndGlobalSection
	GlobalSection(SolutionProperties) = preSolution
		HideSolutionNode = FALSE
	EndGlobalSection
	GlobalSection(ExtensibilityGlobals) = postSolution
		SolutionGuid = {FDBF1A68-F734-46ED-A39A-D302429C6A10}
	EndGlobalSection
EndGlobal
